
Microsoft Visual Studio Solution File, Format Version 12.00
# Visual Studio 15
VisualStudioVersion = 15.0.28307.779
MinimumVisualStudioVersion = 10.0.40219.1
Project("{9A19103F-16F7-4668-BE54-9A1E7A4F7556}") = "EntidadesAbstractas", "ClasesAbstractas\EntidadesAbstractas.csproj", "{36FC8037-551D-404C-94E3-5FBA56A47E2E}"
EndProject
Project("{9A19103F-16F7-4668-BE54-9A1E7A4F7556}") = "Excepciones", "Excepciones\Excepciones.csproj", "{09FE7F85-B929-4BA1-BF3E-6E93698ECEDB}"
EndProject
Project("{9A19103F-16F7-4668-BE54-9A1E7A4F7556}") = "ClasesInstanciables", "ClasesInstanciables\ClasesInstanciables.csproj", "{F50376F9-845A-4A88-9763-FE0DF728E733}"
EndProject
Project("{FAE04EC0-301F-11D3-BF4B-00C04F79EFBC}") = "Archivos", "Archivos\Archivos.csproj", "{724F5A9C-7885-4D28-86A4-3A72787BA2F3}"
EndProject
Project("{FAE04EC0-301F-11D3-BF4B-00C04F79EFBC}") = "UnitTest", "UnitTest\UnitTest.csproj", "{18C6CF6C-B9F7-4228-A315-976B2E97E911}"
EndProject
Project("{FAE04EC0-301F-11D3-BF4B-00C04F79EFBC}") = "Test", "Test\Test.csproj", "{B8A80B3B-871A-4D71-B937-8C35038B652D}"
EndProject
Global
	GlobalSection(SolutionConfigurationPlatforms) = preSolution
		Debug|Any CPU = Debug|Any CPU
		Release|Any CPU = Release|Any CPU
	EndGlobalSection
	GlobalSection(ProjectConfigurationPlatforms) = postSolution
		{36FC8037-551D-404C-94E3-5FBA56A47E2E}.Debug|Any CPU.ActiveCfg = Debug|Any CPU
		{36FC8037-551D-404C-94E3-5FBA56A47E2E}.Debug|Any CPU.Build.0 = Debug|Any CPU
		{36FC8037-551D-404C-94E3-5FBA56A47E2E}.Release|Any CPU.ActiveCfg = Release|Any CPU
		{36FC8037-551D-404C-94E3-5FBA56A47E2E}.Release|Any CPU.Build.0 = Release|Any CPU
		{09FE7F85-B929-4BA1-BF3E-6E93698ECEDB}.Debug|Any CPU.ActiveCfg = Debug|Any CPU
		{09FE7F85-B929-4BA1-BF3E-6E93698ECEDB}.Debug|Any CPU.Build.0 = Debug|Any CPU
		{09FE7F85-B929-4BA1-BF3E-6E93698ECEDB}.Release|Any CPU.ActiveCfg = Release|Any CPU
		{09FE7F85-B929-4BA1-BF3E-6E93698ECEDB}.Release|Any CPU.Build.0 = Release|Any CPU
		{F50376F9-845A-4A88-9763-FE0DF728E733}.Debug|Any CPU.ActiveCfg = Debug|Any CPU
		{F50376F9-845A-4A88-9763-FE0DF728E733}.Debug|Any CPU.Build.0 = Debug|Any CPU
		{F50376F9-845A-4A88-9763-FE0DF728E733}.Release|Any CPU.ActiveCfg = Release|Any CPU
		{F50376F9-845A-4A88-9763-FE0DF728E733}.Release|Any CPU.Build.0 = Release|Any CPU
		{724F5A9C-7885-4D28-86A4-3A72787BA2F3}.Debug|Any CPU.ActiveCfg = Debug|Any CPU
		{724F5A9C-7885-4D28-86A4-3A72787BA2F3}.Debug|Any CPU.Build.0 = Debug|Any CPU
		{724F5A9C-7885-4D28-86A4-3A72787BA2F3}.Release|Any CPU.ActiveCfg = Release|Any CPU
		{724F5A9C-7885-4D28-86A4-3A72787BA2F3}.Release|Any CPU.Build.0 = Release|Any CPU
		{18C6CF6C-B9F7-4228-A315-976B2E97E911}.Debug|Any CPU.ActiveCfg = Debug|Any CPU
		{18C6CF6C-B9F7-4228-A315-976B2E97E911}.Debug|Any CPU.Build.0 = Debug|Any CPU
		{18C6CF6C-B9F7-4228-A315-976B2E97E911}.Release|Any CPU.ActiveCfg = Release|Any CPU
		{18C6CF6C-B9F7-4228-A315-976B2E97E911}.Release|Any CPU.Build.0 = Release|Any CPU
		{B8A80B3B-871A-4D71-B937-8C35038B652D}.Debug|Any CPU.ActiveCfg = Debug|Any CPU
		{B8A80B3B-871A-4D71-B937-8C35038B652D}.Debug|Any CPU.Build.0 = Debug|Any CPU
		{B8A80B3B-871A-4D71-B937-8C35038B652D}.Release|Any CPU.ActiveCfg = Release|Any CPU
		{B8A80B3B-871A-4D71-B937-8C35038B652D}.Release|Any CPU.Build.0 = Release|Any CPU
	EndGlobalSection
	GlobalSection(SolutionProperties) = preSolution
		HideSolutionNode = FALSE
	EndGlobalSection
	GlobalSection(ExtensibilityGlobals) = postSolution
		SolutionGuid = {DFA7F25E-B709-4F2A-9D1A-56C69D48E624}
	EndGlobalSection
EndGlobal
