
Microsoft Visual Studio Solution File, Format Version 12.00
# Visual Studio 15
VisualStudioVersion = 15.0.28307.779
MinimumVisualStudioVersion = 10.0.40219.1
Project("{FAE04EC0-301F-11D3-BF4B-00C04F79EFBC}") = "Entidades", "Entidades\Entidades.csproj", "{C424FF46-F0EB-4AF1-9097-68FBFBB2DDE7}"
EndProject
Project("{FAE04EC0-301F-11D3-BF4B-00C04F79EFBC}") = "MainCorreo", "MainCorreo\MainCorreo.csproj", "{3733CE61-07DD-4054-A15C-7EAEDD9D53DE}"
EndProject
Project("{FAE04EC0-301F-11D3-BF4B-00C04F79EFBC}") = "UnitTest1", "UnitTest1\UnitTest1.csproj", "{653C0027-117F-47D6-BCED-8661BB6572B0}"
EndProject
Global
	GlobalSection(SolutionConfigurationPlatforms) = preSolution
		Debug|Any CPU = Debug|Any CPU
		Release|Any CPU = Release|Any CPU
	EndGlobalSection
	GlobalSection(ProjectConfigurationPlatforms) = postSolution
		{C424FF46-F0EB-4AF1-9097-68FBFBB2DDE7}.Debug|Any CPU.ActiveCfg = Debug|Any CPU
		{C424FF46-F0EB-4AF1-9097-68FBFBB2DDE7}.Debug|Any CPU.Build.0 = Debug|Any CPU
		{C424FF46-F0EB-4AF1-9097-68FBFBB2DDE7}.Release|Any CPU.ActiveCfg = Release|Any CPU
		{C424FF46-F0EB-4AF1-9097-68FBFBB2DDE7}.Release|Any CPU.Build.0 = Release|Any CPU
		{3733CE61-07DD-4054-A15C-7EAEDD9D53DE}.Debug|Any CPU.ActiveCfg = Debug|Any CPU
		{3733CE61-07DD-4054-A15C-7EAEDD9D53DE}.Debug|Any CPU.Build.0 = Debug|Any CPU
		{3733CE61-07DD-4054-A15C-7EAEDD9D53DE}.Release|Any CPU.ActiveCfg = Release|Any CPU
		{3733CE61-07DD-4054-A15C-7EAEDD9D53DE}.Release|Any CPU.Build.0 = Release|Any CPU
		{653C0027-117F-47D6-BCED-8661BB6572B0}.Debug|Any CPU.ActiveCfg = Debug|Any CPU
		{653C0027-117F-47D6-BCED-8661BB6572B0}.Debug|Any CPU.Build.0 = Debug|Any CPU
		{653C0027-117F-47D6-BCED-8661BB6572B0}.Release|Any CPU.ActiveCfg = Release|Any CPU
		{653C0027-117F-47D6-BCED-8661BB6572B0}.Release|Any CPU.Build.0 = Release|Any CPU
	EndGlobalSection
	GlobalSection(SolutionProperties) = preSolution
		HideSolutionNode = FALSE
	EndGlobalSection
	GlobalSection(ExtensibilityGlobals) = postSolution
		SolutionGuid = {84937092-3CB5-43A1-85B2-5A8D9BF993C0}
	EndGlobalSection
EndGlobal
